// !$*UTF8*$!
{
	archiveVersion = 1;
	classes = {
	};
	objectVersion = 50;
	objects = {

/* Begin PBXBuildFile section */
		4E07F24B232B05A1006BA35F /* AppDelegate.swift in Sources */ = {isa = PBXBuildFile; fileRef = 4E07F24A232B05A1006BA35F /* AppDelegate.swift */; };
		4E07F24D232B05A1006BA35F /* SceneDelegate.swift in Sources */ = {isa = PBXBuildFile; fileRef = 4E07F24C232B05A1006BA35F /* SceneDelegate.swift */; };
		4E07F24F232B05A1006BA35F /* ContentView.swift in Sources */ = {isa = PBXBuildFile; fileRef = 4E07F24E232B05A1006BA35F /* ContentView.swift */; };
		4E07F251232B05A2006BA35F /* Assets.xcassets in Resources */ = {isa = PBXBuildFile; fileRef = 4E07F250232B05A2006BA35F /* Assets.xcassets */; };
		4E07F254232B05A2006BA35F /* Preview Assets.xcassets in Resources */ = {isa = PBXBuildFile; fileRef = 4E07F253232B05A2006BA35F /* Preview Assets.xcassets */; };
		4E07F257232B05A2006BA35F /* LaunchScreen.storyboard in Resources */ = {isa = PBXBuildFile; fileRef = 4E07F255232B05A2006BA35F /* LaunchScreen.storyboard */; };
		4E07F262232B05A2006BA35F /* PokerSwiftUITests.swift in Sources */ = {isa = PBXBuildFile; fileRef = 4E07F261232B05A2006BA35F /* PokerSwiftUITests.swift */; };
		4E07F26D232B05A2006BA35F /* PokerSwiftUIUITests.swift in Sources */ = {isa = PBXBuildFile; fileRef = 4E07F26C232B05A2006BA35F /* PokerSwiftUIUITests.swift */; };
		4EFB3CE9232B06B100B90CF6 /* ScoreTests.swift in Sources */ = {isa = PBXBuildFile; fileRef = 4EFB3CE7232B06B100B90CF6 /* ScoreTests.swift */; };
		4EFB3CEA232B06B100B90CF6 /* CardTests.swift in Sources */ = {isa = PBXBuildFile; fileRef = 4EFB3CE8232B06B100B90CF6 /* CardTests.swift */; };
		4EFB3CEB232B06DE00B90CF6 /* Hand.swift in Sources */ = {isa = PBXBuildFile; fileRef = 4EFB3CE0232B066E00B90CF6 /* Hand.swift */; };
		4EFB3CEC232B06DE00B90CF6 /* Score.swift in Sources */ = {isa = PBXBuildFile; fileRef = 4EFB3CE1232B066E00B90CF6 /* Score.swift */; };
		4EFB3CED232B06DE00B90CF6 /* Game.swift in Sources */ = {isa = PBXBuildFile; fileRef = 4EFB3CE2232B066E00B90CF6 /* Game.swift */; };
		4EFB3CEE232B06DE00B90CF6 /* Rank.swift in Sources */ = {isa = PBXBuildFile; fileRef = 4EFB3CE3232B066E00B90CF6 /* Rank.swift */; };
		4EFB3CEF232B06DE00B90CF6 /* Card.swift in Sources */ = {isa = PBXBuildFile; fileRef = 4EFB3CE4232B066E00B90CF6 /* Card.swift */; };
		4EFB3CF0232B06DE00B90CF6 /* Suit.swift in Sources */ = {isa = PBXBuildFile; fileRef = 4EFB3CE5232B066E00B90CF6 /* Suit.swift */; };
		4EFB3CF1232B06DE00B90CF6 /* Deck.swift in Sources */ = {isa = PBXBuildFile; fileRef = 4EFB3CE6232B066E00B90CF6 /* Deck.swift */; };
		4EFB3CF4232B084C00B90CF6 /* PayoutsView.swift in Sources */ = {isa = PBXBuildFile; fileRef = 4EFB3CF3232B084C00B90CF6 /* PayoutsView.swift */; };
/* End PBXBuildFile section */

/* Begin PBXContainerItemProxy section */
		4E07F25E232B05A2006BA35F /* PBXContainerItemProxy */ = {
			isa = PBXContainerItemProxy;
			containerPortal = 4E07F23F232B05A1006BA35F /* Project object */;
			proxyType = 1;
			remoteGlobalIDString = 4E07F246232B05A1006BA35F;
			remoteInfo = PokerSwiftUI;
		};
		4E07F269232B05A2006BA35F /* PBXContainerItemProxy */ = {
			isa = PBXContainerItemProxy;
			containerPortal = 4E07F23F232B05A1006BA35F /* Project object */;
			proxyType = 1;
			remoteGlobalIDString = 4E07F246232B05A1006BA35F;
			remoteInfo = PokerSwiftUI;
		};
/* End PBXContainerItemProxy section */

/* Begin PBXFileReference section */
		4E07F247232B05A1006BA35F /* PokerSwiftUI.app */ = {isa = PBXFileReference; explicitFileType = wrapper.application; includeInIndex = 0; path = PokerSwiftUI.app; sourceTree = BUILT_PRODUCTS_DIR; };
		4E07F24A232B05A1006BA35F /* AppDelegate.swift */ = {isa = PBXFileReference; lastKnownFileType = sourcecode.swift; path = AppDelegate.swift; sourceTree = "<group>"; };
		4E07F24C232B05A1006BA35F /* SceneDelegate.swift */ = {isa = PBXFileReference; lastKnownFileType = sourcecode.swift; path = SceneDelegate.swift; sourceTree = "<group>"; };
		4E07F24E232B05A1006BA35F /* ContentView.swift */ = {isa = PBXFileReference; lastKnownFileType = sourcecode.swift; path = ContentView.swift; sourceTree = "<group>"; };
		4E07F250232B05A2006BA35F /* Assets.xcassets */ = {isa = PBXFileReference; lastKnownFileType = folder.assetcatalog; path = Assets.xcassets; sourceTree = "<group>"; };
		4E07F253232B05A2006BA35F /* Preview Assets.xcassets */ = {isa = PBXFileReference; lastKnownFileType = folder.assetcatalog; path = "Preview Assets.xcassets"; sourceTree = "<group>"; };
		4E07F256232B05A2006BA35F /* Base */ = {isa = PBXFileReference; lastKnownFileType = file.storyboard; name = Base; path = Base.lproj/LaunchScreen.storyboard; sourceTree = "<group>"; };
		4E07F258232B05A2006BA35F /* Info.plist */ = {isa = PBXFileReference; lastKnownFileType = text.plist.xml; path = Info.plist; sourceTree = "<group>"; };
		4E07F25D232B05A2006BA35F /* PokerSwiftUITests.xctest */ = {isa = PBXFileReference; explicitFileType = wrapper.cfbundle; includeInIndex = 0; path = PokerSwiftUITests.xctest; sourceTree = BUILT_PRODUCTS_DIR; };
		4E07F261232B05A2006BA35F /* PokerSwiftUITests.swift */ = {isa = PBXFileReference; lastKnownFileType = sourcecode.swift; path = PokerSwiftUITests.swift; sourceTree = "<group>"; };
		4E07F263232B05A2006BA35F /* Info.plist */ = {isa = PBXFileReference; lastKnownFileType = text.plist.xml; path = Info.plist; sourceTree = "<group>"; };
		4E07F268232B05A2006BA35F /* PokerSwiftUIUITests.xctest */ = {isa = PBXFileReference; explicitFileType = wrapper.cfbundle; includeInIndex = 0; path = PokerSwiftUIUITests.xctest; sourceTree = BUILT_PRODUCTS_DIR; };
		4E07F26C232B05A2006BA35F /* PokerSwiftUIUITests.swift */ = {isa = PBXFileReference; lastKnownFileType = sourcecode.swift; path = PokerSwiftUIUITests.swift; sourceTree = "<group>"; };
		4E07F26E232B05A2006BA35F /* Info.plist */ = {isa = PBXFileReference; lastKnownFileType = text.plist.xml; path = Info.plist; sourceTree = "<group>"; };
		4EFB3CE0232B066E00B90CF6 /* Hand.swift */ = {isa = PBXFileReference; lastKnownFileType = sourcecode.swift; path = Hand.swift; sourceTree = "<group>"; };
		4EFB3CE1232B066E00B90CF6 /* Score.swift */ = {isa = PBXFileReference; lastKnownFileType = sourcecode.swift; path = Score.swift; sourceTree = "<group>"; };
		4EFB3CE2232B066E00B90CF6 /* Game.swift */ = {isa = PBXFileReference; lastKnownFileType = sourcecode.swift; path = Game.swift; sourceTree = "<group>"; };
		4EFB3CE3232B066E00B90CF6 /* Rank.swift */ = {isa = PBXFileReference; lastKnownFileType = sourcecode.swift; path = Rank.swift; sourceTree = "<group>"; };
		4EFB3CE4232B066E00B90CF6 /* Card.swift */ = {isa = PBXFileReference; lastKnownFileType = sourcecode.swift; path = Card.swift; sourceTree = "<group>"; };
		4EFB3CE5232B066E00B90CF6 /* Suit.swift */ = {isa = PBXFileReference; lastKnownFileType = sourcecode.swift; path = Suit.swift; sourceTree = "<group>"; };
		4EFB3CE6232B066E00B90CF6 /* Deck.swift */ = {isa = PBXFileReference; lastKnownFileType = sourcecode.swift; path = Deck.swift; sourceTree = "<group>"; };
		4EFB3CE7232B06B100B90CF6 /* ScoreTests.swift */ = {isa = PBXFileReference; fileEncoding = 4; lastKnownFileType = sourcecode.swift; path = ScoreTests.swift; sourceTree = "<group>"; };
		4EFB3CE8232B06B100B90CF6 /* CardTests.swift */ = {isa = PBXFileReference; fileEncoding = 4; lastKnownFileType = sourcecode.swift; path = CardTests.swift; sourceTree = "<group>"; };
		4EFB3CF3232B084C00B90CF6 /* PayoutsView.swift */ = {isa = PBXFileReference; fileEncoding = 4; lastKnownFileType = sourcecode.swift; path = PayoutsView.swift; sourceTree = "<group>"; };
/* End PBXFileReference section */

/* Begin PBXFrameworksBuildPhase section */
		4E07F244232B05A1006BA35F /* Frameworks */ = {
			isa = PBXFrameworksBuildPhase;
			buildActionMask = 2147483647;
			files = (
			);
			runOnlyForDeploymentPostprocessing = 0;
		};
		4E07F25A232B05A2006BA35F /* Frameworks */ = {
			isa = PBXFrameworksBuildPhase;
			buildActionMask = 2147483647;
			files = (
			);
			runOnlyForDeploymentPostprocessing = 0;
		};
		4E07F265232B05A2006BA35F /* Frameworks */ = {
			isa = PBXFrameworksBuildPhase;
			buildActionMask = 2147483647;
			files = (
			);
			runOnlyForDeploymentPostprocessing = 0;
		};
/* End PBXFrameworksBuildPhase section */

/* Begin PBXGroup section */
		4E07F23E232B05A1006BA35F = {
			isa = PBXGroup;
			children = (
				4E07F249232B05A1006BA35F /* PokerSwiftUI */,
				4E07F260232B05A2006BA35F /* PokerSwiftUITests */,
				4E07F26B232B05A2006BA35F /* PokerSwiftUIUITests */,
				4E07F248232B05A1006BA35F /* Products */,
			);
			sourceTree = "<group>";
		};
		4E07F248232B05A1006BA35F /* Products */ = {
			isa = PBXGroup;
			children = (
				4E07F247232B05A1006BA35F /* PokerSwiftUI.app */,
				4E07F25D232B05A2006BA35F /* PokerSwiftUITests.xctest */,
				4E07F268232B05A2006BA35F /* PokerSwiftUIUITests.xctest */,
			);
			name = Products;
			sourceTree = "<group>";
		};
		4E07F249232B05A1006BA35F /* PokerSwiftUI */ = {
			isa = PBXGroup;
			children = (
				4E07F24A232B05A1006BA35F /* AppDelegate.swift */,
				4E07F250232B05A2006BA35F /* Assets.xcassets */,
				4E07F258232B05A2006BA35F /* Info.plist */,
				4E07F255232B05A2006BA35F /* LaunchScreen.storyboard */,
				4EFB3CDF232B066E00B90CF6 /* Model */,
				4E07F252232B05A2006BA35F /* Preview Content */,
				4E07F24C232B05A1006BA35F /* SceneDelegate.swift */,
				4EFB3CF2232B081B00B90CF6 /* Views */,
			);
			path = PokerSwiftUI;
			sourceTree = "<group>";
		};
		4E07F252232B05A2006BA35F /* Preview Content */ = {
			isa = PBXGroup;
			children = (
				4E07F253232B05A2006BA35F /* Preview Assets.xcassets */,
			);
			path = "Preview Content";
			sourceTree = "<group>";
		};
		4E07F260232B05A2006BA35F /* PokerSwiftUITests */ = {
			isa = PBXGroup;
			children = (
				4EFB3CE8232B06B100B90CF6 /* CardTests.swift */,
				4E07F263232B05A2006BA35F /* Info.plist */,
				4E07F261232B05A2006BA35F /* PokerSwiftUITests.swift */,
				4EFB3CE7232B06B100B90CF6 /* ScoreTests.swift */,
			);
			path = PokerSwiftUITests;
			sourceTree = "<group>";
		};
		4E07F26B232B05A2006BA35F /* PokerSwiftUIUITests */ = {
			isa = PBXGroup;
			children = (
				4E07F26E232B05A2006BA35F /* Info.plist */,
				4E07F26C232B05A2006BA35F /* PokerSwiftUIUITests.swift */,
			);
			path = PokerSwiftUIUITests;
			sourceTree = "<group>";
		};
		4EFB3CDF232B066E00B90CF6 /* Model */ = {
			isa = PBXGroup;
			children = (
				4EFB3CE0232B066E00B90CF6 /* Hand.swift */,
				4EFB3CE1232B066E00B90CF6 /* Score.swift */,
				4EFB3CE2232B066E00B90CF6 /* Game.swift */,
				4EFB3CE3232B066E00B90CF6 /* Rank.swift */,
				4EFB3CE4232B066E00B90CF6 /* Card.swift */,
				4EFB3CE5232B066E00B90CF6 /* Suit.swift */,
				4EFB3CE6232B066E00B90CF6 /* Deck.swift */,
			);
			path = Model;
			sourceTree = "<group>";
		};
		4EFB3CF2232B081B00B90CF6 /* Views */ = {
			isa = PBXGroup;
			children = (
				4E07F24E232B05A1006BA35F /* ContentView.swift */,
				4EFB3CF3232B084C00B90CF6 /* PayoutsView.swift */,
			);
			path = Views;
			sourceTree = "<group>";
		};
/* End PBXGroup section */

/* Begin PBXNativeTarget section */
		4E07F246232B05A1006BA35F /* PokerSwiftUI */ = {
			isa = PBXNativeTarget;
			buildConfigurationList = 4E07F271232B05A2006BA35F /* Build configuration list for PBXNativeTarget "PokerSwiftUI" */;
			buildPhases = (
				4E07F243232B05A1006BA35F /* Sources */,
				4E07F244232B05A1006BA35F /* Frameworks */,
				4E07F245232B05A1006BA35F /* Resources */,
			);
			buildRules = (
			);
			dependencies = (
			);
			name = PokerSwiftUI;
			productName = PokerSwiftUI;
			productReference = 4E07F247232B05A1006BA35F /* PokerSwiftUI.app */;
			productType = "com.apple.product-type.application";
		};
		4E07F25C232B05A2006BA35F /* PokerSwiftUITests */ = {
			isa = PBXNativeTarget;
			buildConfigurationList = 4E07F274232B05A2006BA35F /* Build configuration list for PBXNativeTarget "PokerSwiftUITests" */;
			buildPhases = (
				4E07F259232B05A2006BA35F /* Sources */,
				4E07F25A232B05A2006BA35F /* Frameworks */,
				4E07F25B232B05A2006BA35F /* Resources */,
			);
			buildRules = (
			);
			dependencies = (
				4E07F25F232B05A2006BA35F /* PBXTargetDependency */,
			);
			name = PokerSwiftUITests;
			productName = PokerSwiftUITests;
			productReference = 4E07F25D232B05A2006BA35F /* PokerSwiftUITests.xctest */;
			productType = "com.apple.product-type.bundle.unit-test";
		};
		4E07F267232B05A2006BA35F /* PokerSwiftUIUITests */ = {
			isa = PBXNativeTarget;
			buildConfigurationList = 4E07F277232B05A2006BA35F /* Build configuration list for PBXNativeTarget "PokerSwiftUIUITests" */;
			buildPhases = (
				4E07F264232B05A2006BA35F /* Sources */,
				4E07F265232B05A2006BA35F /* Frameworks */,
				4E07F266232B05A2006BA35F /* Resources */,
			);
			buildRules = (
			);
			dependencies = (
				4E07F26A232B05A2006BA35F /* PBXTargetDependency */,
			);
			name = PokerSwiftUIUITests;
			productName = PokerSwiftUIUITests;
			productReference = 4E07F268232B05A2006BA35F /* PokerSwiftUIUITests.xctest */;
			productType = "com.apple.product-type.bundle.ui-testing";
		};
/* End PBXNativeTarget section */

/* Begin PBXProject section */
		4E07F23F232B05A1006BA35F /* Project object */ = {
			isa = PBXProject;
			attributes = {
				LastSwiftUpdateCheck = 1100;
				LastUpgradeCheck = 1100;
				ORGANIZATIONNAME = "Kristopher Johnson";
				TargetAttributes = {
					4E07F246232B05A1006BA35F = {
						CreatedOnToolsVersion = 11.0;
					};
					4E07F25C232B05A2006BA35F = {
						CreatedOnToolsVersion = 11.0;
						TestTargetID = 4E07F246232B05A1006BA35F;
					};
					4E07F267232B05A2006BA35F = {
						CreatedOnToolsVersion = 11.0;
						TestTargetID = 4E07F246232B05A1006BA35F;
					};
				};
			};
			buildConfigurationList = 4E07F242232B05A1006BA35F /* Build configuration list for PBXProject "PokerSwiftUI" */;
			compatibilityVersion = "Xcode 9.3";
			developmentRegion = en;
			hasScannedForEncodings = 0;
			knownRegions = (
				en,
				Base,
			);
			mainGroup = 4E07F23E232B05A1006BA35F;
			productRefGroup = 4E07F248232B05A1006BA35F /* Products */;
			projectDirPath = "";
			projectRoot = "";
			targets = (
				4E07F246232B05A1006BA35F /* PokerSwiftUI */,
				4E07F25C232B05A2006BA35F /* PokerSwiftUITests */,
				4E07F267232B05A2006BA35F /* PokerSwiftUIUITests */,
			);
		};
/* End PBXProject section */

/* Begin PBXResourcesBuildPhase section */
		4E07F245232B05A1006BA35F /* Resources */ = {
			isa = PBXResourcesBuildPhase;
			buildActionMask = 2147483647;
			files = (
				4E07F257232B05A2006BA35F /* LaunchScreen.storyboard in Resources */,
				4E07F254232B05A2006BA35F /* Preview Assets.xcassets in Resources */,
				4E07F251232B05A2006BA35F /* Assets.xcassets in Resources */,
			);
			runOnlyForDeploymentPostprocessing = 0;
		};
		4E07F25B232B05A2006BA35F /* Resources */ = {
			isa = PBXResourcesBuildPhase;
			buildActionMask = 2147483647;
			files = (
			);
			runOnlyForDeploymentPostprocessing = 0;
		};
		4E07F266232B05A2006BA35F /* Resources */ = {
			isa = PBXResourcesBuildPhase;
			buildActionMask = 2147483647;
			files = (
			);
			runOnlyForDeploymentPostprocessing = 0;
		};
/* End PBXResourcesBuildPhase section */

/* Begin PBXSourcesBuildPhase section */
		4E07F243232B05A1006BA35F /* Sources */ = {
			isa = PBXSourcesBuildPhase;
			buildActionMask = 2147483647;
			files = (
				4EFB3CEB232B06DE00B90CF6 /* Hand.swift in Sources */,
				4EFB3CED232B06DE00B90CF6 /* Game.swift in Sources */,
				4EFB3CF1232B06DE00B90CF6 /* Deck.swift in Sources */,
				4E07F24B232B05A1006BA35F /* AppDelegate.swift in Sources */,
				4EFB3CF4232B084C00B90CF6 /* PayoutsView.swift in Sources */,
				4E07F24D232B05A1006BA35F /* SceneDelegate.swift in Sources */,
				4E07F24F232B05A1006BA35F /* ContentView.swift in Sources */,
				4EFB3CEE232B06DE00B90CF6 /* Rank.swift in Sources */,
				4EFB3CEC232B06DE00B90CF6 /* Score.swift in Sources */,
				4EFB3CF0232B06DE00B90CF6 /* Suit.swift in Sources */,
				4EFB3CEF232B06DE00B90CF6 /* Card.swift in Sources */,
			);
			runOnlyForDeploymentPostprocessing = 0;
		};
		4E07F259232B05A2006BA35F /* Sources */ = {
			isa = PBXSourcesBuildPhase;
			buildActionMask = 2147483647;
			files = (
				4EFB3CEA232B06B100B90CF6 /* CardTests.swift in Sources */,
				4EFB3CE9232B06B100B90CF6 /* ScoreTests.swift in Sources */,
				4E07F262232B05A2006BA35F /* PokerSwiftUITests.swift in Sources */,
			);
			runOnlyForDeploymentPostprocessing = 0;
		};
		4E07F264232B05A2006BA35F /* Sources */ = {
			isa = PBXSourcesBuildPhase;
			buildActionMask = 2147483647;
			files = (
				4E07F26D232B05A2006BA35F /* PokerSwiftUIUITests.swift in Sources */,
			);
			runOnlyForDeploymentPostprocessing = 0;
		};
/* End PBXSourcesBuildPhase section */

/* Begin PBXTargetDependency section */
		4E07F25F232B05A2006BA35F /* PBXTargetDependency */ = {
			isa = PBXTargetDependency;
			target = 4E07F246232B05A1006BA35F /* PokerSwiftUI */;
			targetProxy = 4E07F25E232B05A2006BA35F /* PBXContainerItemProxy */;
		};
		4E07F26A232B05A2006BA35F /* PBXTargetDependency */ = {
			isa = PBXTargetDependency;
			target = 4E07F246232B05A1006BA35F /* PokerSwiftUI */;
			targetProxy = 4E07F269232B05A2006BA35F /* PBXContainerItemProxy */;
		};
/* End PBXTargetDependency section */

/* Begin PBXVariantGroup section */
		4E07F255232B05A2006BA35F /* LaunchScreen.storyboard */ = {
			isa = PBXVariantGroup;
			children = (
				4E07F256232B05A2006BA35F /* Base */,
			);
			name = LaunchScreen.storyboard;
			sourceTree = "<group>";
		};
/* End PBXVariantGroup section */

/* Begin XCBuildConfiguration section */
		4E07F26F232B05A2006BA35F /* Debug */ = {
			isa = XCBuildConfiguration;
			buildSettings = {
				ALWAYS_SEARCH_USER_PATHS = NO;
				CLANG_ANALYZER_NONNULL = YES;
				CLANG_ANALYZER_NUMBER_OBJECT_CONVERSION = YES_AGGRESSIVE;
				CLANG_CXX_LANGUAGE_STANDARD = "gnu++14";
				CLANG_CXX_LIBRARY = "libc++";
				CLANG_ENABLE_MODULES = YES;
				CLANG_ENABLE_OBJC_ARC = YES;
				CLANG_ENABLE_OBJC_WEAK = YES;
				CLANG_WARN_BLOCK_CAPTURE_AUTORELEASING = YES;
				CLANG_WARN_BOOL_CONVERSION = YES;
				CLANG_WARN_COMMA = YES;
				CLANG_WARN_CONSTANT_CONVERSION = YES;
				CLANG_WARN_DEPRECATED_OBJC_IMPLEMENTATIONS = YES;
				CLANG_WARN_DIRECT_OBJC_ISA_USAGE = YES_ERROR;
				CLANG_WARN_DOCUMENTATION_COMMENTS = YES;
				CLANG_WARN_EMPTY_BODY = YES;
				CLANG_WARN_ENUM_CONVERSION = YES;
				CLANG_WARN_INFINITE_RECURSION = YES;
				CLANG_WARN_INT_CONVERSION = YES;
				CLANG_WARN_NON_LITERAL_NULL_CONVERSION = YES;
				CLANG_WARN_OBJC_IMPLICIT_RETAIN_SELF = YES;
				CLANG_WARN_OBJC_LITERAL_CONVERSION = YES;
				CLANG_WARN_OBJC_ROOT_CLASS = YES_ERROR;
				CLANG_WARN_RANGE_LOOP_ANALYSIS = YES;
				CLANG_WARN_STRICT_PROTOTYPES = YES;
				CLANG_WARN_SUSPICIOUS_MOVE = YES;
				CLANG_WARN_UNGUARDED_AVAILABILITY = YES_AGGRESSIVE;
				CLANG_WARN_UNREACHABLE_CODE = YES;
				CLANG_WARN__DUPLICATE_METHOD_MATCH = YES;
				COPY_PHASE_STRIP = NO;
				DEBUG_INFORMATION_FORMAT = dwarf;
				ENABLE_STRICT_OBJC_MSGSEND = YES;
				ENABLE_TESTABILITY = YES;
				GCC_C_LANGUAGE_STANDARD = gnu11;
				GCC_DYNAMIC_NO_PIC = NO;
				GCC_NO_COMMON_BLOCKS = YES;
				GCC_OPTIMIZATION_LEVEL = 0;
				GCC_PREPROCESSOR_DEFINITIONS = (
					"DEBUG=1",
					"$(inherited)",
				);
				GCC_WARN_64_TO_32_BIT_CONVERSION = YES;
				GCC_WARN_ABOUT_RETURN_TYPE = YES_ERROR;
				GCC_WARN_UNDECLARED_SELECTOR = YES;
				GCC_WARN_UNINITIALIZED_AUTOS = YES_AGGRESSIVE;
				GCC_WARN_UNUSED_FUNCTION = YES;
				GCC_WARN_UNUSED_VARIABLE = YES;
				IPHONEOS_DEPLOYMENT_TARGET = 13.0;
				MTL_ENABLE_DEBUG_INFO = INCLUDE_SOURCE;
				MTL_FAST_MATH = YES;
				ONLY_ACTIVE_ARCH = YES;
				SDKROOT = iphoneos;
				SWIFT_ACTIVE_COMPILATION_CONDITIONS = DEBUG;
				SWIFT_OPTIMIZATION_LEVEL = "-Onone";
			};
			name = Debug;
		};
		4E07F270232B05A2006BA35F /* Release */ = {
			isa = XCBuildConfiguration;
			buildSettings = {
				ALWAYS_SEARCH_USER_PATHS = NO;
				CLANG_ANALYZER_NONNULL = YES;
				CLANG_ANALYZER_NUMBER_OBJECT_CONVERSION = YES_AGGRESSIVE;
				CLANG_CXX_LANGUAGE_STANDARD = "gnu++14";
				CLANG_CXX_LIBRARY = "libc++";
				CLANG_ENABLE_MODULES = YES;
				CLANG_ENABLE_OBJC_ARC = YES;
				CLANG_ENABLE_OBJC_WEAK = YES;
				CLANG_WARN_BLOCK_CAPTURE_AUTORELEASING = YES;
				CLANG_WARN_BOOL_CONVERSION = YES;
				CLANG_WARN_COMMA = YES;
				CLANG_WARN_CONSTANT_CONVERSION = YES;
				CLANG_WARN_DEPRECATED_OBJC_IMPLEMENTATIONS = YES;
				CLANG_WARN_DIRECT_OBJC_ISA_USAGE = YES_ERROR;
				CLANG_WARN_DOCUMENTATION_COMMENTS = YES;
				CLANG_WARN_EMPTY_BODY = YES;
				CLANG_WARN_ENUM_CONVERSION = YES;
				CLANG_WARN_INFINITE_RECURSION = YES;
				CLANG_WARN_INT_CONVERSION = YES;
				CLANG_WARN_NON_LITERAL_NULL_CONVERSION = YES;
				CLANG_WARN_OBJC_IMPLICIT_RETAIN_SELF = YES;
				CLANG_WARN_OBJC_LITERAL_CONVERSION = YES;
				CLANG_WARN_OBJC_ROOT_CLASS = YES_ERROR;
				CLANG_WARN_RANGE_LOOP_ANALYSIS = YES;
				CLANG_WARN_STRICT_PROTOTYPES = YES;
				CLANG_WARN_SUSPICIOUS_MOVE = YES;
				CLANG_WARN_UNGUARDED_AVAILABILITY = YES_AGGRESSIVE;
				CLANG_WARN_UNREACHABLE_CODE = YES;
				CLANG_WARN__DUPLICATE_METHOD_MATCH = YES;
				COPY_PHASE_STRIP = NO;
				DEBUG_INFORMATION_FORMAT = "dwarf-with-dsym";
				ENABLE_NS_ASSERTIONS = NO;
				ENABLE_STRICT_OBJC_MSGSEND = YES;
				GCC_C_LANGUAGE_STANDARD = gnu11;
				GCC_NO_COMMON_BLOCKS = YES;
				GCC_WARN_64_TO_32_BIT_CONVERSION = YES;
				GCC_WARN_ABOUT_RETURN_TYPE = YES_ERROR;
				GCC_WARN_UNDECLARED_SELECTOR = YES;
				GCC_WARN_UNINITIALIZED_AUTOS = YES_AGGRESSIVE;
				GCC_WARN_UNUSED_FUNCTION = YES;
				GCC_WARN_UNUSED_VARIABLE = YES;
				IPHONEOS_DEPLOYMENT_TARGET = 13.0;
				MTL_ENABLE_DEBUG_INFO = NO;
				MTL_FAST_MATH = YES;
				SDKROOT = iphoneos;
				SWIFT_COMPILATION_MODE = wholemodule;
				SWIFT_OPTIMIZATION_LEVEL = "-O";
				VALIDATE_PRODUCT = YES;
			};
			name = Release;
		};
		4E07F272232B05A2006BA35F /* Debug */ = {
			isa = XCBuildConfiguration;
			buildSettings = {
				ASSETCATALOG_COMPILER_APPICON_NAME = AppIcon;
				CODE_SIGN_STYLE = Automatic;
				DEVELOPMENT_ASSET_PATHS = "\"PokerSwiftUI/Preview Content\"";
				DEVELOPMENT_TEAM = D5E423632K;
				ENABLE_PREVIEWS = YES;
				INFOPLIST_FILE = PokerSwiftUI/Info.plist;
				LD_RUNPATH_SEARCH_PATHS = (
					"$(inherited)",
					"@executable_path/Frameworks",
				);
				PRODUCT_BUNDLE_IDENTIFIER = net.kristopherjohnson.PokerSwiftUI;
				PRODUCT_NAME = "$(TARGET_NAME)";
				SWIFT_VERSION = 5.0;
				TARGETED_DEVICE_FAMILY = "1,2";
			};
			name = Debug;
		};
		4E07F273232B05A2006BA35F /* Release */ = {
			isa = XCBuildConfiguration;
			buildSettings = {
				ASSETCATALOG_COMPILER_APPICON_NAME = AppIcon;
				CODE_SIGN_STYLE = Automatic;
				DEVELOPMENT_ASSET_PATHS = "\"PokerSwiftUI/Preview Content\"";
				DEVELOPMENT_TEAM = D5E423632K;
				ENABLE_PREVIEWS = YES;
				INFOPLIST_FILE = PokerSwiftUI/Info.plist;
				LD_RUNPATH_SEARCH_PATHS = (
					"$(inherited)",
					"@executable_path/Frameworks",
				);
				PRODUCT_BUNDLE_IDENTIFIER = net.kristopherjohnson.PokerSwiftUI;
				PRODUCT_NAME = "$(TARGET_NAME)";
				SWIFT_VERSION = 5.0;
				TARGETED_DEVICE_FAMILY = "1,2";
			};
			name = Release;
		};
		4E07F275232B05A2006BA35F /* Debug */ = {
			isa = XCBuildConfiguration;
			buildSettings = {
				ALWAYS_EMBED_SWIFT_STANDARD_LIBRARIES = YES;
				BUNDLE_LOADER = "$(TEST_HOST)";
				CODE_SIGN_STYLE = Automatic;
				DEVELOPMENT_TEAM = D5E423632K;
				INFOPLIST_FILE = PokerSwiftUITests/Info.plist;
				IPHONEOS_DEPLOYMENT_TARGET = 13.0;
				LD_RUNPATH_SEARCH_PATHS = (
					"$(inherited)",
					"@executable_path/Frameworks",
					"@loader_path/Frameworks",
				);
				PRODUCT_BUNDLE_IDENTIFIER = net.kristopherjohnson.PokerSwiftUITests;
				PRODUCT_NAME = "$(TARGET_NAME)";
				SWIFT_VERSION = 5.0;
				TARGETED_DEVICE_FAMILY = "1,2";
				TEST_HOST = "$(BUILT_PRODUCTS_DIR)/PokerSwiftUI.app/PokerSwiftUI";
			};
			name = Debug;
		};
		4E07F276232B05A2006BA35F /* Release */ = {
			isa = XCBuildConfiguration;
			buildSettings = {
				ALWAYS_EMBED_SWIFT_STANDARD_LIBRARIES = YES;
				BUNDLE_LOADER = "$(TEST_HOST)";
				CODE_SIGN_STYLE = Automatic;
				DEVELOPMENT_TEAM = D5E423632K;
				INFOPLIST_FILE = PokerSwiftUITests/Info.plist;
				IPHONEOS_DEPLOYMENT_TARGET = 13.0;
				LD_RUNPATH_SEARCH_PATHS = (
					"$(inherited)",
					"@executable_path/Frameworks",
					"@loader_path/Frameworks",
				);
				PRODUCT_BUNDLE_IDENTIFIER = net.kristopherjohnson.PokerSwiftUITests;
				PRODUCT_NAME = "$(TARGET_NAME)";
				SWIFT_VERSION = 5.0;
				TARGETED_DEVICE_FAMILY = "1,2";
				TEST_HOST = "$(BUILT_PRODUCTS_DIR)/PokerSwiftUI.app/PokerSwiftUI";
			};
			name = Release;
		};
		4E07F278232B05A2006BA35F /* Debug */ = {
			isa = XCBuildConfiguration;
			buildSettings = {
				ALWAYS_EMBED_SWIFT_STANDARD_LIBRARIES = YES;
				CODE_SIGN_STYLE = Automatic;
				DEVELOPMENT_TEAM = D5E423632K;
				INFOPLIST_FILE = PokerSwiftUIUITests/Info.plist;
				LD_RUNPATH_SEARCH_PATHS = (
					"$(inherited)",
					"@executable_path/Frameworks",
					"@loader_path/Frameworks",
				);
				PRODUCT_BUNDLE_IDENTIFIER = net.kristopherjohnson.PokerSwiftUIUITests;
				PRODUCT_NAME = "$(TARGET_NAME)";
				SWIFT_VERSION = 5.0;
				TARGETED_DEVICE_FAMILY = "1,2";
				TEST_TARGET_NAME = PokerSwiftUI;
			};
			name = Debug;
		};
		4E07F279232B05A2006BA35F /* Release */ = {
			isa = XCBuildConfiguration;
			buildSettings = {
				ALWAYS_EMBED_SWIFT_STANDARD_LIBRARIES = YES;
				CODE_SIGN_STYLE = Automatic;
				DEVELOPMENT_TEAM = D5E423632K;
				INFOPLIST_FILE = PokerSwiftUIUITests/Info.plist;
				LD_RUNPATH_SEARCH_PATHS = (
					"$(inherited)",
					"@executable_path/Frameworks",
					"@loader_path/Frameworks",
				);
				PRODUCT_BUNDLE_IDENTIFIER = net.kristopherjohnson.PokerSwiftUIUITests;
				PRODUCT_NAME = "$(TARGET_NAME)";
				SWIFT_VERSION = 5.0;
				TARGETED_DEVICE_FAMILY = "1,2";
				TEST_TARGET_NAME = PokerSwiftUI;
			};
			name = Release;
		};
/* End XCBuildConfiguration section */

/* Begin XCConfigurationList section */
		4E07F242232B05A1006BA35F /* Build configuration list for PBXProject "PokerSwiftUI" */ = {
			isa = XCConfigurationList;
			buildConfigurations = (
				4E07F26F232B05A2006BA35F /* Debug */,
				4E07F270232B05A2006BA35F /* Release */,
			);
			defaultConfigurationIsVisible = 0;
			defaultConfigurationName = Release;
		};
		4E07F271232B05A2006BA35F /* Build configuration list for PBXNativeTarget "PokerSwiftUI" */ = {
			isa = XCConfigurationList;
			buildConfigurations = (
				4E07F272232B05A2006BA35F /* Debug */,
				4E07F273232B05A2006BA35F /* Release */,
			);
			defaultConfigurationIsVisible = 0;
			defaultConfigurationName = Release;
		};
		4E07F274232B05A2006BA35F /* Build configuration list for PBXNativeTarget "PokerSwiftUITests" */ = {
			isa = XCConfigurationList;
			buildConfigurations = (
				4E07F275232B05A2006BA35F /* Debug */,
				4E07F276232B05A2006BA35F /* Release */,
			);
			defaultConfigurationIsVisible = 0;
			defaultConfigurationName = Release;
		};
		4E07F277232B05A2006BA35F /* Build configuration list for PBXNativeTarget "PokerSwiftUIUITests" */ = {
			isa = XCConfigurationList;
			buildConfigurations = (
				4E07F278232B05A2006BA35F /* Debug */,
				4E07F279232B05A2006BA35F /* Release */,
			);
			defaultConfigurationIsVisible = 0;
			defaultConfigurationName = Release;
		};
/* End XCConfigurationList section */
	};
	rootObject = 4E07F23F232B05A1006BA35F /* Project object */;
}
